
Microsoft Visual Studio Solution File, Format Version 12.00
# Visual Studio Version 17
VisualStudioVersion = 17.4.33213.308
MinimumVisualStudioVersion = 10.0.40219.1
Project("{FAE04EC0-301F-11D3-BF4B-00C04F79EFBC}") = "MVC_Project_BookStore", "MVC_Project_BookStore.csproj", "{CD210C94-8029-4A90-BCD9-72E73A5A8FAD}"
EndProject
Global
	GlobalSection(SolutionConfigurationPlatforms) = preSolution
		Debug|Any CPU = Debug|Any CPU
		Release|Any CPU = Release|Any CPU
	EndGlobalSection
	GlobalSection(ProjectConfigurationPlatforms) = postSolution
		{CD210C94-8029-4A90-BCD9-72E73A5A8FAD}.Debug|Any CPU.ActiveCfg = Debug|Any CPU
		{CD210C94-8029-4A90-BCD9-72E73A5A8FAD}.Debug|Any CPU.Build.0 = Debug|Any CPU
		{CD210C94-8029-4A90-BCD9-72E73A5A8FAD}.Release|Any CPU.ActiveCfg = Release|Any CPU
		{CD210C94-8029-4A90-BCD9-72E73A5A8FAD}.Release|Any CPU.Build.0 = Release|Any CPU
	EndGlobalSection
	GlobalSection(SolutionProperties) = preSolution
		HideSolutionNode = FALSE
	EndGlobalSection
	GlobalSection(ExtensibilityGlobals) = postSolution
		SolutionGuid = {162770E8-489E-4491-919F-837CAF56751D}
	EndGlobalSection
EndGlobal
